// !$*UTF8*$!
{
	archiveVersion = 1;
	classes = {
	};
	objectVersion = 50;
	objects = {

/* Begin PBXBuildFile section */
		4508C7F823DA88980029A03B /* Assets.xcassets in Resources */ = {isa = PBXBuildFile; fileRef = 4508C7F723DA88980029A03B /* Assets.xcassets */; };
		4508C80823DA89140029A03B /* main.cpp in Sources */ = {isa = PBXBuildFile; fileRef = 4508C80723DA89140029A03B /* main.cpp */; };
		4508C81623DA931B0029A03B /* SDL2.framework in Frameworks */ = {isa = PBXBuildFile; fileRef = 4508C81523DA931B0029A03B /* SDL2.framework */; };
		4508C81723DA931B0029A03B /* SDL2.framework in Embed Frameworks */ = {isa = PBXBuildFile; fileRef = 4508C81523DA931B0029A03B /* SDL2.framework */; settings = {ATTRIBUTES = (CodeSignOnCopy, RemoveHeadersOnCopy, ); }; };
		4508C81D23DBEFFE0029A03B /* world generation.cpp in Sources */ = {isa = PBXBuildFile; fileRef = 4508C81B23DBEFFE0029A03B /* world generation.cpp */; };
		4508C82123DC0A380029A03B /* field of view.cpp in Sources */ = {isa = PBXBuildFile; fileRef = 4508C81F23DC0A380029A03B /* field of view.cpp */; };
		4508C82523DD259E0029A03B /* prototype spritesheet.png in Resources */ = {isa = PBXBuildFile; fileRef = 4508C82423DD259D0029A03B /* prototype spritesheet.png */; };
		4508C82923DD26770029A03B /* world rendering.cpp in Sources */ = {isa = PBXBuildFile; fileRef = 4508C82723DD26770029A03B /* world rendering.cpp */; };
		4508C82C23DD2C7F0029A03B /* texture loading.cpp in Sources */ = {isa = PBXBuildFile; fileRef = 4508C82A23DD2C7F0029A03B /* texture loading.cpp */; };
		4508C82F23DD2CE30029A03B /* stb_image.c in Sources */ = {isa = PBXBuildFile; fileRef = 4508C82E23DD2CE30029A03B /* stb_image.c */; };
		45B7447223E532670040DF89 /* attack action.cpp in Sources */ = {isa = PBXBuildFile; fileRef = 45B7447023E532670040DF89 /* attack action.cpp */; };
		45B9F6E323DD386000CA9021 /* sdl delete.cpp in Sources */ = {isa = PBXBuildFile; fileRef = 45B9F6E123DD386000CA9021 /* sdl delete.cpp */; };
		45BA0FF723DD4C5E00DB4CBB /* sprite rendering.cpp in Sources */ = {isa = PBXBuildFile; fileRef = 45BA0FF523DD4C5E00DB4CBB /* sprite rendering.cpp */; };
		45BA0FFE23DD5FF300DB4CBB /* input handling.cpp in Sources */ = {isa = PBXBuildFile; fileRef = 45BA0FFC23DD5FF300DB4CBB /* input handling.cpp */; };
		45BB02A323DEA0C700D6F8E2 /* game loop.cpp in Sources */ = {isa = PBXBuildFile; fileRef = 45BB02A123DEA0C700D6F8E2 /* game loop.cpp */; };
		45BB02B023DEB7C200D6F8E2 /* action.cpp in Sources */ = {isa = PBXBuildFile; fileRef = 45BB02AE23DEB7C200D6F8E2 /* action.cpp */; };
		45BB02B323DEBB1700D6F8E2 /* move action.cpp in Sources */ = {isa = PBXBuildFile; fileRef = 45BB02B123DEBB1700D6F8E2 /* move action.cpp */; };
		45BB02B723DFF49900D6F8E2 /* open door action.cpp in Sources */ = {isa = PBXBuildFile; fileRef = 45BB02B523DFF49900D6F8E2 /* open door action.cpp */; };
		45BB02BC23E0125B00D6F8E2 /* behaviour.cpp in Sources */ = {isa = PBXBuildFile; fileRef = 45BB02BA23E0125B00D6F8E2 /* behaviour.cpp */; };
		45BB02C023E015BF00D6F8E2 /* player behaviour.cpp in Sources */ = {isa = PBXBuildFile; fileRef = 45BB02BE23E015BF00D6F8E2 /* player behaviour.cpp */; };
		45BB02C423E0170900D6F8E2 /* player.cpp in Sources */ = {isa = PBXBuildFile; fileRef = 45BB02C223E0170900D6F8E2 /* player.cpp */; };
		45BB02C823E1486000D6F8E2 /* lamp.cpp in Sources */ = {isa = PBXBuildFile; fileRef = 45BB02C623E1486000D6F8E2 /* lamp.cpp */; };
		45BB02CB23E16A0100D6F8E2 /* chase behaviour.cpp in Sources */ = {isa = PBXBuildFile; fileRef = 45BB02C923E16A0100D6F8E2 /* chase behaviour.cpp */; };
		45BB02CE23E16A6700D6F8E2 /* rest action.cpp in Sources */ = {isa = PBXBuildFile; fileRef = 45BB02CC23E16A6700D6F8E2 /* rest action.cpp */; };
		45BB02D123E16DB300D6F8E2 /* path finding.cpp in Sources */ = {isa = PBXBuildFile; fileRef = 45BB02CF23E16DB300D6F8E2 /* path finding.cpp */; };
		45BB02D423E1868500D6F8E2 /* ghost.cpp in Sources */ = {isa = PBXBuildFile; fileRef = 45BB02D223E1868500D6F8E2 /* ghost.cpp */; };
		45BB02D823E25DBA00D6F8E2 /* world spawning.cpp in Sources */ = {isa = PBXBuildFile; fileRef = 45BB02D623E25DBA00D6F8E2 /* world spawning.cpp */; };
		45BB02DB23E2A7B700D6F8E2 /* rng.cpp in Sources */ = {isa = PBXBuildFile; fileRef = 45BB02D923E2A7B700D6F8E2 /* rng.cpp */; };
		45BB032423E3C3F400D6F8E2 /* scope time.cpp in Sources */ = {isa = PBXBuildFile; fileRef = 45BB032323E3C3F400D6F8E2 /* scope time.cpp */; };
/* End PBXBuildFile section */

/* Begin PBXCopyFilesBuildPhase section */
		4508C81423DA91B90029A03B /* Embed Frameworks */ = {
			isa = PBXCopyFilesBuildPhase;
			buildActionMask = 2147483647;
			dstPath = "";
			dstSubfolderSpec = 10;
			files = (
				4508C81723DA931B0029A03B /* SDL2.framework in Embed Frameworks */,
			);
			name = "Embed Frameworks";
			runOnlyForDeploymentPostprocessing = 0;
		};
/* End PBXCopyFilesBuildPhase section */

/* Begin PBXFileReference section */
		4508C7F023DA888D0029A03B /* Silver Lobster.app */ = {isa = PBXFileReference; explicitFileType = wrapper.application; includeInIndex = 0; path = "Silver Lobster.app"; sourceTree = BUILT_PRODUCTS_DIR; };
		4508C7F723DA88980029A03B /* Assets.xcassets */ = {isa = PBXFileReference; lastKnownFileType = folder.assetcatalog; path = Assets.xcassets; sourceTree = "<group>"; };
		4508C7FF23DA88980029A03B /* Info.plist */ = {isa = PBXFileReference; lastKnownFileType = text.plist.xml; path = Info.plist; sourceTree = "<group>"; };
		4508C80023DA88980029A03B /* Silver_Lobster.entitlements */ = {isa = PBXFileReference; lastKnownFileType = text.plist.entitlements; path = Silver_Lobster.entitlements; sourceTree = "<group>"; };
		4508C80723DA89140029A03B /* main.cpp */ = {isa = PBXFileReference; lastKnownFileType = sourcecode.cpp.cpp; path = main.cpp; sourceTree = "<group>"; };
		4508C81523DA931B0029A03B /* SDL2.framework */ = {isa = PBXFileReference; lastKnownFileType = wrapper.framework; name = SDL2.framework; path = ../../../../../../../../Library/Frameworks/SDL2.framework; sourceTree = "<group>"; };
		4508C81823DAA4E80029A03B /* sdl check.hpp */ = {isa = PBXFileReference; lastKnownFileType = sourcecode.cpp.h; path = "sdl check.hpp"; sourceTree = "<group>"; };
		4508C81A23DBEFA20029A03B /* world.hpp */ = {isa = PBXFileReference; lastKnownFileType = sourcecode.cpp.h; path = world.hpp; sourceTree = "<group>"; };
		4508C81B23DBEFFE0029A03B /* world generation.cpp */ = {isa = PBXFileReference; lastKnownFileType = sourcecode.cpp.cpp; path = "world generation.cpp"; sourceTree = "<group>"; };
		4508C81C23DBEFFE0029A03B /* world generation.hpp */ = {isa = PBXFileReference; lastKnownFileType = sourcecode.cpp.h; path = "world generation.hpp"; sourceTree = "<group>"; };
		4508C81F23DC0A380029A03B /* field of view.cpp */ = {isa = PBXFileReference; lastKnownFileType = sourcecode.cpp.cpp; path = "field of view.cpp"; sourceTree = "<group>"; };
		4508C82023DC0A380029A03B /* field of view.hpp */ = {isa = PBXFileReference; lastKnownFileType = sourcecode.cpp.h; path = "field of view.hpp"; sourceTree = "<group>"; };
		4508C82223DC27A30029A03B /* image.hpp */ = {isa = PBXFileReference; lastKnownFileType = sourcecode.cpp.h; path = image.hpp; sourceTree = "<group>"; };
		4508C82423DD259D0029A03B /* prototype spritesheet.png */ = {isa = PBXFileReference; lastKnownFileType = image.png; path = "prototype spritesheet.png"; sourceTree = "<group>"; };
		4508C82723DD26770029A03B /* world rendering.cpp */ = {isa = PBXFileReference; lastKnownFileType = sourcecode.cpp.cpp; path = "world rendering.cpp"; sourceTree = "<group>"; };
		4508C82823DD26770029A03B /* world rendering.hpp */ = {isa = PBXFileReference; lastKnownFileType = sourcecode.cpp.h; path = "world rendering.hpp"; sourceTree = "<group>"; };
		4508C82A23DD2C7F0029A03B /* texture loading.cpp */ = {isa = PBXFileReference; lastKnownFileType = sourcecode.cpp.cpp; path = "texture loading.cpp"; sourceTree = "<group>"; };
		4508C82B23DD2C7F0029A03B /* texture loading.hpp */ = {isa = PBXFileReference; lastKnownFileType = sourcecode.cpp.h; path = "texture loading.hpp"; sourceTree = "<group>"; };
		4508C82D23DD2CC90029A03B /* stb_image.h */ = {isa = PBXFileReference; lastKnownFileType = sourcecode.c.h; path = stb_image.h; sourceTree = "<group>"; };
		4508C82E23DD2CE30029A03B /* stb_image.c */ = {isa = PBXFileReference; lastKnownFileType = sourcecode.c.c; path = stb_image.c; sourceTree = "<group>"; };
		45B7446F23E519850040DF89 /* combat.hpp */ = {isa = PBXFileReference; lastKnownFileType = sourcecode.cpp.h; path = combat.hpp; sourceTree = "<group>"; };
		45B7447023E532670040DF89 /* attack action.cpp */ = {isa = PBXFileReference; lastKnownFileType = sourcecode.cpp.cpp; path = "attack action.cpp"; sourceTree = "<group>"; };
		45B7447123E532670040DF89 /* attack action.hpp */ = {isa = PBXFileReference; lastKnownFileType = sourcecode.cpp.h; path = "attack action.hpp"; sourceTree = "<group>"; };
		45B9F6E123DD386000CA9021 /* sdl delete.cpp */ = {isa = PBXFileReference; lastKnownFileType = sourcecode.cpp.cpp; path = "sdl delete.cpp"; sourceTree = "<group>"; };
		45B9F6E223DD386000CA9021 /* sdl delete.hpp */ = {isa = PBXFileReference; lastKnownFileType = sourcecode.cpp.h; path = "sdl delete.hpp"; sourceTree = "<group>"; };
		45BA0FF423DD4BC400DB4CBB /* renderer.hpp */ = {isa = PBXFileReference; lastKnownFileType = sourcecode.cpp.h; path = renderer.hpp; sourceTree = "<group>"; };
		45BA0FF523DD4C5E00DB4CBB /* sprite rendering.cpp */ = {isa = PBXFileReference; lastKnownFileType = sourcecode.cpp.cpp; path = "sprite rendering.cpp"; sourceTree = "<group>"; };
		45BA0FF623DD4C5E00DB4CBB /* sprite rendering.hpp */ = {isa = PBXFileReference; lastKnownFileType = sourcecode.cpp.h; path = "sprite rendering.hpp"; sourceTree = "<group>"; };
		45BA0FF823DD4C9D00DB4CBB /* sprite.hpp */ = {isa = PBXFileReference; lastKnownFileType = sourcecode.cpp.h; path = sprite.hpp; sourceTree = "<group>"; };
		45BA0FF923DD4CE900DB4CBB /* position.hpp */ = {isa = PBXFileReference; lastKnownFileType = sourcecode.cpp.h; path = position.hpp; sourceTree = "<group>"; };
		45BA0FFA23DD587500DB4CBB /* tags.hpp */ = {isa = PBXFileReference; lastKnownFileType = sourcecode.cpp.h; path = tags.hpp; sourceTree = "<group>"; };
		45BA0FFC23DD5FF300DB4CBB /* input handling.cpp */ = {isa = PBXFileReference; lastKnownFileType = sourcecode.cpp.cpp; path = "input handling.cpp"; sourceTree = "<group>"; };
		45BA0FFD23DD5FF300DB4CBB /* input handling.hpp */ = {isa = PBXFileReference; lastKnownFileType = sourcecode.cpp.h; path = "input handling.hpp"; sourceTree = "<group>"; };
		45BA100223DD6C8400DB4CBB /* dir.hpp */ = {isa = PBXFileReference; lastKnownFileType = sourcecode.cpp.h; path = dir.hpp; sourceTree = "<group>"; };
		45BB029F23DD750600D6F8E2 /* dir set.hpp */ = {isa = PBXFileReference; lastKnownFileType = sourcecode.cpp.h; path = "dir set.hpp"; sourceTree = "<group>"; };
		45BB02A023DE7B2500D6F8E2 /* dir point.hpp */ = {isa = PBXFileReference; lastKnownFileType = sourcecode.cpp.h; path = "dir point.hpp"; sourceTree = "<group>"; };
		45BB02A123DEA0C700D6F8E2 /* game loop.cpp */ = {isa = PBXFileReference; lastKnownFileType = sourcecode.cpp.cpp; path = "game loop.cpp"; sourceTree = "<group>"; };
		45BB02A223DEA0C700D6F8E2 /* game loop.hpp */ = {isa = PBXFileReference; lastKnownFileType = sourcecode.cpp.h; path = "game loop.hpp"; sourceTree = "<group>"; };
		45BB02A423DEA3A500D6F8E2 /* speed.hpp */ = {isa = PBXFileReference; lastKnownFileType = sourcecode.cpp.h; path = speed.hpp; sourceTree = "<group>"; };
		45BB02A823DEA64900D6F8E2 /* turn.hpp */ = {isa = PBXFileReference; lastKnownFileType = sourcecode.cpp.h; path = turn.hpp; sourceTree = "<group>"; };
		45BB02AE23DEB7C200D6F8E2 /* action.cpp */ = {isa = PBXFileReference; lastKnownFileType = sourcecode.cpp.cpp; path = action.cpp; sourceTree = "<group>"; };
		45BB02AF23DEB7C200D6F8E2 /* action.hpp */ = {isa = PBXFileReference; lastKnownFileType = sourcecode.cpp.h; path = action.hpp; sourceTree = "<group>"; };
		45BB02B123DEBB1700D6F8E2 /* move action.cpp */ = {isa = PBXFileReference; lastKnownFileType = sourcecode.cpp.cpp; path = "move action.cpp"; sourceTree = "<group>"; };
		45BB02B223DEBB1700D6F8E2 /* move action.hpp */ = {isa = PBXFileReference; lastKnownFileType = sourcecode.cpp.h; path = "move action.hpp"; sourceTree = "<group>"; };
		45BB02B523DFF49900D6F8E2 /* open door action.cpp */ = {isa = PBXFileReference; lastKnownFileType = sourcecode.cpp.cpp; path = "open door action.cpp"; sourceTree = "<group>"; };
		45BB02B623DFF49900D6F8E2 /* open door action.hpp */ = {isa = PBXFileReference; lastKnownFileType = sourcecode.cpp.h; path = "open door action.hpp"; sourceTree = "<group>"; };
		45BB02BA23E0125B00D6F8E2 /* behaviour.cpp */ = {isa = PBXFileReference; lastKnownFileType = sourcecode.cpp.cpp; path = behaviour.cpp; sourceTree = "<group>"; };
		45BB02BB23E0125B00D6F8E2 /* behaviour.hpp */ = {isa = PBXFileReference; lastKnownFileType = sourcecode.cpp.h; path = behaviour.hpp; sourceTree = "<group>"; };
		45BB02BD23E0157C00D6F8E2 /* brain.hpp */ = {isa = PBXFileReference; lastKnownFileType = sourcecode.cpp.h; path = brain.hpp; sourceTree = "<group>"; };
		45BB02BE23E015BF00D6F8E2 /* player behaviour.cpp */ = {isa = PBXFileReference; lastKnownFileType = sourcecode.cpp.cpp; path = "player behaviour.cpp"; sourceTree = "<group>"; };
		45BB02BF23E015BF00D6F8E2 /* player behaviour.hpp */ = {isa = PBXFileReference; lastKnownFileType = sourcecode.cpp.h; path = "player behaviour.hpp"; sourceTree = "<group>"; };
		45BB02C223E0170900D6F8E2 /* player.cpp */ = {isa = PBXFileReference; lastKnownFileType = sourcecode.cpp.cpp; path = player.cpp; sourceTree = "<group>"; };
		45BB02C323E0170900D6F8E2 /* player.hpp */ = {isa = PBXFileReference; lastKnownFileType = sourcecode.cpp.h; path = player.hpp; sourceTree = "<group>"; };
		45BB02C523E13FE600D6F8E2 /* light source.hpp */ = {isa = PBXFileReference; lastKnownFileType = sourcecode.cpp.h; path = "light source.hpp"; sourceTree = "<group>"; };
		45BB02C623E1486000D6F8E2 /* lamp.cpp */ = {isa = PBXFileReference; lastKnownFileType = sourcecode.cpp.cpp; path = lamp.cpp; sourceTree = "<group>"; };
		45BB02C723E1486000D6F8E2 /* lamp.hpp */ = {isa = PBXFileReference; lastKnownFileType = sourcecode.cpp.h; path = lamp.hpp; sourceTree = "<group>"; };
		45BB02C923E16A0100D6F8E2 /* chase behaviour.cpp */ = {isa = PBXFileReference; lastKnownFileType = sourcecode.cpp.cpp; path = "chase behaviour.cpp"; sourceTree = "<group>"; };
		45BB02CA23E16A0100D6F8E2 /* chase behaviour.hpp */ = {isa = PBXFileReference; lastKnownFileType = sourcecode.cpp.h; path = "chase behaviour.hpp"; sourceTree = "<group>"; };
		45BB02CC23E16A6700D6F8E2 /* rest action.cpp */ = {isa = PBXFileReference; lastKnownFileType = sourcecode.cpp.cpp; path = "rest action.cpp"; sourceTree = "<group>"; };
		45BB02CD23E16A6700D6F8E2 /* rest action.hpp */ = {isa = PBXFileReference; lastKnownFileType = sourcecode.cpp.h; path = "rest action.hpp"; sourceTree = "<group>"; };
		45BB02CF23E16DB300D6F8E2 /* path finding.cpp */ = {isa = PBXFileReference; lastKnownFileType = sourcecode.cpp.cpp; path = "path finding.cpp"; sourceTree = "<group>"; };
		45BB02D023E16DB300D6F8E2 /* path finding.hpp */ = {isa = PBXFileReference; lastKnownFileType = sourcecode.cpp.h; path = "path finding.hpp"; sourceTree = "<group>"; };
		45BB02D223E1868500D6F8E2 /* ghost.cpp */ = {isa = PBXFileReference; lastKnownFileType = sourcecode.cpp.cpp; path = ghost.cpp; sourceTree = "<group>"; };
		45BB02D323E1868500D6F8E2 /* ghost.hpp */ = {isa = PBXFileReference; lastKnownFileType = sourcecode.cpp.h; path = ghost.hpp; sourceTree = "<group>"; };
		45BB02D623E25DBA00D6F8E2 /* world spawning.cpp */ = {isa = PBXFileReference; lastKnownFileType = sourcecode.cpp.cpp; path = "world spawning.cpp"; sourceTree = "<group>"; };
		45BB02D723E25DBA00D6F8E2 /* world spawning.hpp */ = {isa = PBXFileReference; lastKnownFileType = sourcecode.cpp.h; path = "world spawning.hpp"; sourceTree = "<group>"; };
		45BB02D923E2A7B700D6F8E2 /* rng.cpp */ = {isa = PBXFileReference; lastKnownFileType = sourcecode.cpp.cpp; path = rng.cpp; sourceTree = "<group>"; };
		45BB02DA23E2A7B700D6F8E2 /* rng.hpp */ = {isa = PBXFileReference; lastKnownFileType = sourcecode.cpp.h; path = rng.hpp; sourceTree = "<group>"; };
		45BB02E123E2DD8F00D6F8E2 /* locator.hpp */ = {isa = PBXFileReference; lastKnownFileType = sourcecode.cpp.h; path = locator.hpp; sourceTree = "<group>"; };
		45BB02E323E2DD9000D6F8E2 /* hashed_string.hpp */ = {isa = PBXFileReference; lastKnownFileType = sourcecode.cpp.h; path = hashed_string.hpp; sourceTree = "<group>"; };
		45BB02E423E2DD9000D6F8E2 /* utility.hpp */ = {isa = PBXFileReference; lastKnownFileType = sourcecode.cpp.h; path = utility.hpp; sourceTree = "<group>"; };
		45BB02E523E2DD9000D6F8E2 /* monostate.hpp */ = {isa = PBXFileReference; lastKnownFileType = sourcecode.cpp.h; path = monostate.hpp; sourceTree = "<group>"; };
		45BB02E623E2DD9000D6F8E2 /* family.hpp */ = {isa = PBXFileReference; lastKnownFileType = sourcecode.cpp.h; path = family.hpp; sourceTree = "<group>"; };
		45BB02E723E2DD9000D6F8E2 /* algorithm.hpp */ = {isa = PBXFileReference; lastKnownFileType = sourcecode.cpp.h; path = algorithm.hpp; sourceTree = "<group>"; };
		45BB02E823E2DD9000D6F8E2 /* type_traits.hpp */ = {isa = PBXFileReference; lastKnownFileType = sourcecode.cpp.h; path = type_traits.hpp; sourceTree = "<group>"; };
		45BB02E923E2DD9000D6F8E2 /* ident.hpp */ = {isa = PBXFileReference; lastKnownFileType = sourcecode.cpp.h; path = ident.hpp; sourceTree = "<group>"; };
		45BB02EA23E2DD9000D6F8E2 /* fwd.hpp */ = {isa = PBXFileReference; lastKnownFileType = sourcecode.cpp.h; path = fwd.hpp; sourceTree = "<group>"; };
		45BB02EC23E2DD9000D6F8E2 /* version.h */ = {isa = PBXFileReference; lastKnownFileType = sourcecode.c.h; path = version.h; sourceTree = "<group>"; };
		45BB02ED23E2DD9000D6F8E2 /* config.h */ = {isa = PBXFileReference; lastKnownFileType = sourcecode.c.h; path = config.h; sourceTree = "<group>"; };
		45BB02EF23E2DD9000D6F8E2 /* sparse_set.hpp */ = {isa = PBXFileReference; lastKnownFileType = sourcecode.cpp.h; path = sparse_set.hpp; sourceTree = "<group>"; };
		45BB02F023E2DD9000D6F8E2 /* utility.hpp */ = {isa = PBXFileReference; lastKnownFileType = sourcecode.cpp.h; path = utility.hpp; sourceTree = "<group>"; };
		45BB02F123E2DD9000D6F8E2 /* group.hpp */ = {isa = PBXFileReference; lastKnownFileType = sourcecode.cpp.h; path = group.hpp; sourceTree = "<group>"; };
		45BB02F223E2DD9000D6F8E2 /* fwd.hpp */ = {isa = PBXFileReference; lastKnownFileType = sourcecode.cpp.h; path = fwd.hpp; sourceTree = "<group>"; };
		45BB02F323E2DD9000D6F8E2 /* runtime_view.hpp */ = {isa = PBXFileReference; lastKnownFileType = sourcecode.cpp.h; path = runtime_view.hpp; sourceTree = "<group>"; };
		45BB02F423E2DD9000D6F8E2 /* registry.hpp */ = {isa = PBXFileReference; lastKnownFileType = sourcecode.cpp.h; path = registry.hpp; sourceTree = "<group>"; };
		45BB02F523E2DD9000D6F8E2 /* snapshot.hpp */ = {isa = PBXFileReference; lastKnownFileType = sourcecode.cpp.h; path = snapshot.hpp; sourceTree = "<group>"; };
		45BB02F623E2DD9000D6F8E2 /* actor.hpp */ = {isa = PBXFileReference; lastKnownFileType = sourcecode.cpp.h; path = actor.hpp; sourceTree = "<group>"; };
		45BB02F723E2DD9000D6F8E2 /* observer.hpp */ = {isa = PBXFileReference; lastKnownFileType = sourcecode.cpp.h; path = observer.hpp; sourceTree = "<group>"; };
		45BB02F823E2DD9000D6F8E2 /* helper.hpp */ = {isa = PBXFileReference; lastKnownFileType = sourcecode.cpp.h; path = helper.hpp; sourceTree = "<group>"; };
		45BB02F923E2DD9000D6F8E2 /* view.hpp */ = {isa = PBXFileReference; lastKnownFileType = sourcecode.cpp.h; path = view.hpp; sourceTree = "<group>"; };
		45BB02FA23E2DD9000D6F8E2 /* storage.hpp */ = {isa = PBXFileReference; lastKnownFileType = sourcecode.cpp.h; path = storage.hpp; sourceTree = "<group>"; };
		45BB02FB23E2DD9000D6F8E2 /* entity.hpp */ = {isa = PBXFileReference; lastKnownFileType = sourcecode.cpp.h; path = entity.hpp; sourceTree = "<group>"; };
		45BB02FD23E2DD9000D6F8E2 /* factory.hpp */ = {isa = PBXFileReference; lastKnownFileType = sourcecode.cpp.h; path = factory.hpp; sourceTree = "<group>"; };
		45BB02FE23E2DD9000D6F8E2 /* policy.hpp */ = {isa = PBXFileReference; lastKnownFileType = sourcecode.cpp.h; path = policy.hpp; sourceTree = "<group>"; };
		45BB02FF23E2DD9000D6F8E2 /* meta.hpp */ = {isa = PBXFileReference; lastKnownFileType = sourcecode.cpp.h; path = meta.hpp; sourceTree = "<group>"; };
		45BB030023E2DD9000D6F8E2 /* entt.hpp */ = {isa = PBXFileReference; lastKnownFileType = sourcecode.cpp.h; path = entt.hpp; sourceTree = "<group>"; };
		45BB030223E2DD9000D6F8E2 /* loader.hpp */ = {isa = PBXFileReference; lastKnownFileType = sourcecode.cpp.h; path = loader.hpp; sourceTree = "<group>"; };
		45BB030323E2DD9000D6F8E2 /* fwd.hpp */ = {isa = PBXFileReference; lastKnownFileType = sourcecode.cpp.h; path = fwd.hpp; sourceTree = "<group>"; };
		45BB030423E2DD9000D6F8E2 /* cache.hpp */ = {isa = PBXFileReference; lastKnownFileType = sourcecode.cpp.h; path = cache.hpp; sourceTree = "<group>"; };
		45BB030523E2DD9000D6F8E2 /* handle.hpp */ = {isa = PBXFileReference; lastKnownFileType = sourcecode.cpp.h; path = handle.hpp; sourceTree = "<group>"; };
		45BB030723E2DD9000D6F8E2 /* fwd.hpp */ = {isa = PBXFileReference; lastKnownFileType = sourcecode.cpp.h; path = fwd.hpp; sourceTree = "<group>"; };
		45BB030823E2DD9000D6F8E2 /* sigh.hpp */ = {isa = PBXFileReference; lastKnownFileType = sourcecode.cpp.h; path = sigh.hpp; sourceTree = "<group>"; };
		45BB030923E2DD9000D6F8E2 /* dispatcher.hpp */ = {isa = PBXFileReference; lastKnownFileType = sourcecode.cpp.h; path = dispatcher.hpp; sourceTree = "<group>"; };
		45BB030A23E2DD9000D6F8E2 /* emitter.hpp */ = {isa = PBXFileReference; lastKnownFileType = sourcecode.cpp.h; path = emitter.hpp; sourceTree = "<group>"; };
		45BB030B23E2DD9000D6F8E2 /* delegate.hpp */ = {isa = PBXFileReference; lastKnownFileType = sourcecode.cpp.h; path = delegate.hpp; sourceTree = "<group>"; };
		45BB030D23E2DD9000D6F8E2 /* scheduler.hpp */ = {isa = PBXFileReference; lastKnownFileType = sourcecode.cpp.h; path = scheduler.hpp; sourceTree = "<group>"; };
		45BB030E23E2DD9000D6F8E2 /* process.hpp */ = {isa = PBXFileReference; lastKnownFileType = sourcecode.cpp.h; path = process.hpp; sourceTree = "<group>"; };
		45BB031023E2DD9000D6F8E2 /* surface.hpp */ = {isa = PBXFileReference; lastKnownFileType = sourcecode.cpp.h; path = surface.hpp; sourceTree = "<group>"; };
		45BB031123E2DD9000D6F8E2 /* porter duff.hpp */ = {isa = PBXFileReference; lastKnownFileType = sourcecode.cpp.h; path = "porter duff.hpp"; sourceTree = "<group>"; };
		45BB031223E2DD9000D6F8E2 /* region.hpp */ = {isa = PBXFileReference; lastKnownFileType = sourcecode.cpp.h; path = region.hpp; sourceTree = "<group>"; };
		45BB031323E2DD9000D6F8E2 /* each.hpp */ = {isa = PBXFileReference; lastKnownFileType = sourcecode.cpp.h; path = each.hpp; sourceTree = "<group>"; };
		45BB031423E2DD9000D6F8E2 /* traits.hpp */ = {isa = PBXFileReference; lastKnownFileType = sourcecode.cpp.h; path = traits.hpp; sourceTree = "<group>"; };
		45BB031523E2DD9000D6F8E2 /* transform.hpp */ = {isa = PBXFileReference; lastKnownFileType = sourcecode.cpp.h; path = transform.hpp; sourceTree = "<group>"; };
		45BB031623E2DD9000D6F8E2 /* flood fill.hpp */ = {isa = PBXFileReference; lastKnownFileType = sourcecode.cpp.h; path = "flood fill.hpp"; sourceTree = "<group>"; };
		45BB031723E2DD9000D6F8E2 /* draw.hpp */ = {isa = PBXFileReference; lastKnownFileType = sourcecode.cpp.h; path = draw.hpp; sourceTree = "<group>"; };
		45BB031823E2DD9000D6F8E2 /* fill.hpp */ = {isa = PBXFileReference; lastKnownFileType = sourcecode.cpp.h; path = fill.hpp; sourceTree = "<group>"; };
		45BB031923E2DD9000D6F8E2 /* color.hpp */ = {isa = PBXFileReference; lastKnownFileType = sourcecode.cpp.h; path = color.hpp; sourceTree = "<group>"; };
		45BB031A23E2DD9000D6F8E2 /* range.hpp */ = {isa = PBXFileReference; lastKnownFileType = sourcecode.cpp.h; path = range.hpp; sourceTree = "<group>"; };
		45BB031B23E2DD9000D6F8E2 /* geometry.hpp */ = {isa = PBXFileReference; lastKnownFileType = sourcecode.cpp.h; path = geometry.hpp; sourceTree = "<group>"; };
		45BB031C23E2DD9000D6F8E2 /* copy.hpp */ = {isa = PBXFileReference; lastKnownFileType = sourcecode.cpp.h; path = copy.hpp; sourceTree = "<group>"; };
		45BB031D23E2DD9000D6F8E2 /* compare.hpp */ = {isa = PBXFileReference; lastKnownFileType = sourcecode.cpp.h; path = compare.hpp; sourceTree = "<group>"; };
		45BB031E23E2DD9000D6F8E2 /* iterator.hpp */ = {isa = PBXFileReference; lastKnownFileType = sourcecode.cpp.h; path = iterator.hpp; sourceTree = "<group>"; };
		45BB031F23E2DD9000D6F8E2 /* format.hpp */ = {isa = PBXFileReference; lastKnownFileType = sourcecode.cpp.h; path = format.hpp; sourceTree = "<group>"; };
		45BB032023E2DD9000D6F8E2 /* mask.hpp */ = {isa = PBXFileReference; lastKnownFileType = sourcecode.cpp.h; path = mask.hpp; sourceTree = "<group>"; };
		45BB032123E2DD9000D6F8E2 /* convert.hpp */ = {isa = PBXFileReference; lastKnownFileType = sourcecode.cpp.h; path = convert.hpp; sourceTree = "<group>"; };
		45BB032223E3C3F400D6F8E2 /* scope time.hpp */ = {isa = PBXFileReference; fileEncoding = 4; lastKnownFileType = sourcecode.cpp.h; path = "scope time.hpp"; sourceTree = "<group>"; };
		45BB032323E3C3F400D6F8E2 /* scope time.cpp */ = {isa = PBXFileReference; fileEncoding = 4; lastKnownFileType = sourcecode.cpp.cpp; path = "scope time.cpp"; sourceTree = "<group>"; };
/* End PBXFileReference section */

/* Begin PBXFrameworksBuildPhase section */
		4508C7ED23DA888D0029A03B /* Frameworks */ = {
			isa = PBXFrameworksBuildPhase;
			buildActionMask = 2147483647;
			files = (
				4508C81623DA931B0029A03B /* SDL2.framework in Frameworks */,
			);
			runOnlyForDeploymentPostprocessing = 0;
		};
/* End PBXFrameworksBuildPhase section */

/* Begin PBXGroup section */
		4508C7E723DA888C0029A03B = {
			isa = PBXGroup;
			children = (
				45BB02DE23E2DD2100D6F8E2 /* include */,
				4508C7F223DA888D0029A03B /* Silver Lobster */,
				4508C7F123DA888D0029A03B /* Products */,
				4508C80923DA89620029A03B /* Frameworks */,
			);
			sourceTree = "<group>";
		};
		4508C7F123DA888D0029A03B /* Products */ = {
			isa = PBXGroup;
			children = (
				4508C7F023DA888D0029A03B /* Silver Lobster.app */,
			);
			name = Products;
			sourceTree = "<group>";
		};
		4508C7F223DA888D0029A03B /* Silver Lobster */ = {
			isa = PBXGroup;
			children = (
				4508C82323DD256C0029A03B /* Resources */,
				4508C80623DA88FE0029A03B /* Game */,
				4508C7F723DA88980029A03B /* Assets.xcassets */,
				4508C7FF23DA88980029A03B /* Info.plist */,
				4508C80023DA88980029A03B /* Silver_Lobster.entitlements */,
				4508C80723DA89140029A03B /* main.cpp */,
			);
			path = "Silver Lobster";
			sourceTree = "<group>";
		};
		4508C80623DA88FE0029A03B /* Game */ = {
			isa = PBXGroup;
			children = (
				45BB02D523E2557500D6F8E2 /* Core */,
				45BB02C123E016FB00D6F8E2 /* Factories */,
				45BB02B923E0123A00D6F8E2 /* Behaviours */,
				45BB02B823E00FFC00D6F8E2 /* Actions */,
				45BA0FF323DD4A9600DB4CBB /* Components */,
				45B9F6E423DD3B1B00CA9021 /* Utilities */,
			);
			path = Game;
			sourceTree = "<group>";
		};
		4508C80923DA89620029A03B /* Frameworks */ = {
			isa = PBXGroup;
			children = (
				4508C81523DA931B0029A03B /* SDL2.framework */,
			);
			path = Frameworks;
			sourceTree = "<group>";
		};
		4508C82323DD256C0029A03B /* Resources */ = {
			isa = PBXGroup;
			children = (
				4508C82423DD259D0029A03B /* prototype spritesheet.png */,
			);
			path = Resources;
			sourceTree = "<group>";
		};
		45B9F6E423DD3B1B00CA9021 /* Utilities */ = {
			isa = PBXGroup;
			children = (
				4508C82223DC27A30029A03B /* image.hpp */,
				4508C82E23DD2CE30029A03B /* stb_image.c */,
				4508C82D23DD2CC90029A03B /* stb_image.h */,
				4508C82A23DD2C7F0029A03B /* texture loading.cpp */,
				4508C82B23DD2C7F0029A03B /* texture loading.hpp */,
				4508C81823DAA4E80029A03B /* sdl check.hpp */,
				45B9F6E123DD386000CA9021 /* sdl delete.cpp */,
				45B9F6E223DD386000CA9021 /* sdl delete.hpp */,
				45BA100223DD6C8400DB4CBB /* dir.hpp */,
				45BB029F23DD750600D6F8E2 /* dir set.hpp */,
				45BB02A023DE7B2500D6F8E2 /* dir point.hpp */,
				45BB02D923E2A7B700D6F8E2 /* rng.cpp */,
				45BB02DA23E2A7B700D6F8E2 /* rng.hpp */,
				45BB032323E3C3F400D6F8E2 /* scope time.cpp */,
				45BB032223E3C3F400D6F8E2 /* scope time.hpp */,
			);
			name = Utilities;
			sourceTree = "<group>";
		};
		45BA0FF323DD4A9600DB4CBB /* Components */ = {
			isa = PBXGroup;
			children = (
				45BA0FFA23DD587500DB4CBB /* tags.hpp */,
				4508C81A23DBEFA20029A03B /* world.hpp */,
				45BB02A823DEA64900D6F8E2 /* turn.hpp */,
				45BA0FF423DD4BC400DB4CBB /* renderer.hpp */,
				45BA0FF923DD4CE900DB4CBB /* position.hpp */,
				45BA0FF823DD4C9D00DB4CBB /* sprite.hpp */,
				45BB02A423DEA3A500D6F8E2 /* speed.hpp */,
				45BB02BD23E0157C00D6F8E2 /* brain.hpp */,
				45BB02C523E13FE600D6F8E2 /* light source.hpp */,
				45B7446F23E519850040DF89 /* combat.hpp */,
			);
			name = Components;
			sourceTree = "<group>";
		};
		45BB02B823E00FFC00D6F8E2 /* Actions */ = {
			isa = PBXGroup;
			children = (
				45BB02AE23DEB7C200D6F8E2 /* action.cpp */,
				45BB02AF23DEB7C200D6F8E2 /* action.hpp */,
				45BB02B123DEBB1700D6F8E2 /* move action.cpp */,
				45BB02B223DEBB1700D6F8E2 /* move action.hpp */,
				45BB02B523DFF49900D6F8E2 /* open door action.cpp */,
				45BB02B623DFF49900D6F8E2 /* open door action.hpp */,
				45BB02CC23E16A6700D6F8E2 /* rest action.cpp */,
				45BB02CD23E16A6700D6F8E2 /* rest action.hpp */,
				45B7447023E532670040DF89 /* attack action.cpp */,
				45B7447123E532670040DF89 /* attack action.hpp */,
			);
			path = Actions;
			sourceTree = "<group>";
		};
		45BB02B923E0123A00D6F8E2 /* Behaviours */ = {
			isa = PBXGroup;
			children = (
				45BB02BA23E0125B00D6F8E2 /* behaviour.cpp */,
				45BB02BB23E0125B00D6F8E2 /* behaviour.hpp */,
				45BB02BE23E015BF00D6F8E2 /* player behaviour.cpp */,
				45BB02BF23E015BF00D6F8E2 /* player behaviour.hpp */,
				45BB02C923E16A0100D6F8E2 /* chase behaviour.cpp */,
				45BB02CA23E16A0100D6F8E2 /* chase behaviour.hpp */,
			);
			path = Behaviours;
			sourceTree = "<group>";
		};
		45BB02C123E016FB00D6F8E2 /* Factories */ = {
			isa = PBXGroup;
			children = (
				45BB02C223E0170900D6F8E2 /* player.cpp */,
				45BB02C323E0170900D6F8E2 /* player.hpp */,
				45BB02C623E1486000D6F8E2 /* lamp.cpp */,
				45BB02C723E1486000D6F8E2 /* lamp.hpp */,
				45BB02D223E1868500D6F8E2 /* ghost.cpp */,
				45BB02D323E1868500D6F8E2 /* ghost.hpp */,
			);
			path = Factories;
			sourceTree = "<group>";
		};
		45BB02D523E2557500D6F8E2 /* Core */ = {
			isa = PBXGroup;
			children = (
				45BB02A123DEA0C700D6F8E2 /* game loop.cpp */,
				45BB02A223DEA0C700D6F8E2 /* game loop.hpp */,
				45BB02CF23E16DB300D6F8E2 /* path finding.cpp */,
				45BB02D023E16DB300D6F8E2 /* path finding.hpp */,
				4508C81B23DBEFFE0029A03B /* world generation.cpp */,
				4508C81C23DBEFFE0029A03B /* world generation.hpp */,
				4508C81F23DC0A380029A03B /* field of view.cpp */,
				4508C82023DC0A380029A03B /* field of view.hpp */,
				45BA0FF523DD4C5E00DB4CBB /* sprite rendering.cpp */,
				45BA0FF623DD4C5E00DB4CBB /* sprite rendering.hpp */,
				4508C82723DD26770029A03B /* world rendering.cpp */,
				4508C82823DD26770029A03B /* world rendering.hpp */,
				45BA0FFC23DD5FF300DB4CBB /* input handling.cpp */,
				45BA0FFD23DD5FF300DB4CBB /* input handling.hpp */,
				45BB02D623E25DBA00D6F8E2 /* world spawning.cpp */,
				45BB02D723E25DBA00D6F8E2 /* world spawning.hpp */,
			);
			path = Core;
			sourceTree = "<group>";
		};
		45BB02DE23E2DD2100D6F8E2 /* include */ = {
			isa = PBXGroup;
			children = (
				45BB02DF23E2DD8F00D6F8E2 /* entt */,
				45BB030F23E2DD9000D6F8E2 /* Graphics */,
			);
			path = include;
			sourceTree = "<group>";
		};
		45BB02DF23E2DD8F00D6F8E2 /* entt */ = {
			isa = PBXGroup;
			children = (
				45BB02E023E2DD8F00D6F8E2 /* locator */,
				45BB02E223E2DD9000D6F8E2 /* core */,
				45BB02EA23E2DD9000D6F8E2 /* fwd.hpp */,
				45BB02EB23E2DD9000D6F8E2 /* config */,
				45BB02EE23E2DD9000D6F8E2 /* entity */,
				45BB02FC23E2DD9000D6F8E2 /* meta */,
				45BB030023E2DD9000D6F8E2 /* entt.hpp */,
				45BB030123E2DD9000D6F8E2 /* resource */,
				45BB030623E2DD9000D6F8E2 /* signal */,
				45BB030C23E2DD9000D6F8E2 /* process */,
			);
			path = entt;
			sourceTree = "<group>";
		};
		45BB02E023E2DD8F00D6F8E2 /* locator */ = {
			isa = PBXGroup;
			children = (
				45BB02E123E2DD8F00D6F8E2 /* locator.hpp */,
			);
			path = locator;
			sourceTree = "<group>";
		};
		45BB02E223E2DD9000D6F8E2 /* core */ = {
			isa = PBXGroup;
			children = (
				45BB02E323E2DD9000D6F8E2 /* hashed_string.hpp */,
				45BB02E423E2DD9000D6F8E2 /* utility.hpp */,
				45BB02E523E2DD9000D6F8E2 /* monostate.hpp */,
				45BB02E623E2DD9000D6F8E2 /* family.hpp */,
				45BB02E723E2DD9000D6F8E2 /* algorithm.hpp */,
				45BB02E823E2DD9000D6F8E2 /* type_traits.hpp */,
				45BB02E923E2DD9000D6F8E2 /* ident.hpp */,
			);
			path = core;
			sourceTree = "<group>";
		};
		45BB02EB23E2DD9000D6F8E2 /* config */ = {
			isa = PBXGroup;
			children = (
				45BB02EC23E2DD9000D6F8E2 /* version.h */,
				45BB02ED23E2DD9000D6F8E2 /* config.h */,
			);
			path = config;
			sourceTree = "<group>";
		};
		45BB02EE23E2DD9000D6F8E2 /* entity */ = {
			isa = PBXGroup;
			children = (
				45BB02EF23E2DD9000D6F8E2 /* sparse_set.hpp */,
				45BB02F023E2DD9000D6F8E2 /* utility.hpp */,
				45BB02F123E2DD9000D6F8E2 /* group.hpp */,
				45BB02F223E2DD9000D6F8E2 /* fwd.hpp */,
				45BB02F323E2DD9000D6F8E2 /* runtime_view.hpp */,
				45BB02F423E2DD9000D6F8E2 /* registry.hpp */,
				45BB02F523E2DD9000D6F8E2 /* snapshot.hpp */,
				45BB02F623E2DD9000D6F8E2 /* actor.hpp */,
				45BB02F723E2DD9000D6F8E2 /* observer.hpp */,
				45BB02F823E2DD9000D6F8E2 /* helper.hpp */,
				45BB02F923E2DD9000D6F8E2 /* view.hpp */,
				45BB02FA23E2DD9000D6F8E2 /* storage.hpp */,
				45BB02FB23E2DD9000D6F8E2 /* entity.hpp */,
			);
			path = entity;
			sourceTree = "<group>";
		};
		45BB02FC23E2DD9000D6F8E2 /* meta */ = {
			isa = PBXGroup;
			children = (
				45BB02FD23E2DD9000D6F8E2 /* factory.hpp */,
				45BB02FE23E2DD9000D6F8E2 /* policy.hpp */,
				45BB02FF23E2DD9000D6F8E2 /* meta.hpp */,
			);
			path = meta;
			sourceTree = "<group>";
		};
		45BB030123E2DD9000D6F8E2 /* resource */ = {
			isa = PBXGroup;
			children = (
				45BB030223E2DD9000D6F8E2 /* loader.hpp */,
				45BB030323E2DD9000D6F8E2 /* fwd.hpp */,
				45BB030423E2DD9000D6F8E2 /* cache.hpp */,
				45BB030523E2DD9000D6F8E2 /* handle.hpp */,
			);
			path = resource;
			sourceTree = "<group>";
		};
		45BB030623E2DD9000D6F8E2 /* signal */ = {
			isa = PBXGroup;
			children = (
				45BB030723E2DD9000D6F8E2 /* fwd.hpp */,
				45BB030823E2DD9000D6F8E2 /* sigh.hpp */,
				45BB030923E2DD9000D6F8E2 /* dispatcher.hpp */,
				45BB030A23E2DD9000D6F8E2 /* emitter.hpp */,
				45BB030B23E2DD9000D6F8E2 /* delegate.hpp */,
			);
			path = signal;
			sourceTree = "<group>";
		};
		45BB030C23E2DD9000D6F8E2 /* process */ = {
			isa = PBXGroup;
			children = (
				45BB030D23E2DD9000D6F8E2 /* scheduler.hpp */,
				45BB030E23E2DD9000D6F8E2 /* process.hpp */,
			);
			path = process;
			sourceTree = "<group>";
		};
		45BB030F23E2DD9000D6F8E2 /* Graphics */ = {
			isa = PBXGroup;
			children = (
				45BB031023E2DD9000D6F8E2 /* surface.hpp */,
				45BB031123E2DD9000D6F8E2 /* porter duff.hpp */,
				45BB031223E2DD9000D6F8E2 /* region.hpp */,
				45BB031323E2DD9000D6F8E2 /* each.hpp */,
				45BB031423E2DD9000D6F8E2 /* traits.hpp */,
				45BB031523E2DD9000D6F8E2 /* transform.hpp */,
				45BB031623E2DD9000D6F8E2 /* flood fill.hpp */,
				45BB031723E2DD9000D6F8E2 /* draw.hpp */,
				45BB031823E2DD9000D6F8E2 /* fill.hpp */,
				45BB031923E2DD9000D6F8E2 /* color.hpp */,
				45BB031A23E2DD9000D6F8E2 /* range.hpp */,
				45BB031B23E2DD9000D6F8E2 /* geometry.hpp */,
				45BB031C23E2DD9000D6F8E2 /* copy.hpp */,
				45BB031D23E2DD9000D6F8E2 /* compare.hpp */,
				45BB031E23E2DD9000D6F8E2 /* iterator.hpp */,
				45BB031F23E2DD9000D6F8E2 /* format.hpp */,
				45BB032023E2DD9000D6F8E2 /* mask.hpp */,
				45BB032123E2DD9000D6F8E2 /* convert.hpp */,
			);
			path = Graphics;
			sourceTree = "<group>";
		};
/* End PBXGroup section */

/* Begin PBXNativeTarget section */
		4508C7EF23DA888D0029A03B /* Silver Lobster */ = {
			isa = PBXNativeTarget;
			buildConfigurationList = 4508C80323DA88980029A03B /* Build configuration list for PBXNativeTarget "Silver Lobster" */;
			buildPhases = (
				4508C7EC23DA888D0029A03B /* Sources */,
				4508C7ED23DA888D0029A03B /* Frameworks */,
				4508C7EE23DA888D0029A03B /* Resources */,
				4508C81423DA91B90029A03B /* Embed Frameworks */,
			);
			buildRules = (
			);
			dependencies = (
			);
			name = "Silver Lobster";
			productName = "Silver Lobster";
			productReference = 4508C7F023DA888D0029A03B /* Silver Lobster.app */;
			productType = "com.apple.product-type.application";
		};
/* End PBXNativeTarget section */

/* Begin PBXProject section */
		4508C7E823DA888C0029A03B /* Project object */ = {
			isa = PBXProject;
			attributes = {
				LastSwiftUpdateCheck = 1130;
				LastUpgradeCheck = 1130;
				ORGANIZATIONNAME = "Indi Kernick";
				TargetAttributes = {
					4508C7EF23DA888D0029A03B = {
						CreatedOnToolsVersion = 11.3;
					};
				};
			};
			buildConfigurationList = 4508C7EB23DA888C0029A03B /* Build configuration list for PBXProject "Silver Lobster" */;
			compatibilityVersion = "Xcode 9.3";
			developmentRegion = en;
			hasScannedForEncodings = 0;
			knownRegions = (
				en,
				Base,
			);
			mainGroup = 4508C7E723DA888C0029A03B;
			productRefGroup = 4508C7F123DA888D0029A03B /* Products */;
			projectDirPath = "";
			projectRoot = "";
			targets = (
				4508C7EF23DA888D0029A03B /* Silver Lobster */,
			);
		};
/* End PBXProject section */

/* Begin PBXResourcesBuildPhase section */
		4508C7EE23DA888D0029A03B /* Resources */ = {
			isa = PBXResourcesBuildPhase;
			buildActionMask = 2147483647;
			files = (
				4508C82523DD259E0029A03B /* prototype spritesheet.png in Resources */,
				4508C7F823DA88980029A03B /* Assets.xcassets in Resources */,
			);
			runOnlyForDeploymentPostprocessing = 0;
		};
/* End PBXResourcesBuildPhase section */

/* Begin PBXSourcesBuildPhase section */
		4508C7EC23DA888D0029A03B /* Sources */ = {
			isa = PBXSourcesBuildPhase;
			buildActionMask = 2147483647;
			files = (
				45BB032423E3C3F400D6F8E2 /* scope time.cpp in Sources */,
				45BB02CE23E16A6700D6F8E2 /* rest action.cpp in Sources */,
				4508C80823DA89140029A03B /* main.cpp in Sources */,
				45BA0FF723DD4C5E00DB4CBB /* sprite rendering.cpp in Sources */,
				45BB02DB23E2A7B700D6F8E2 /* rng.cpp in Sources */,
				45BB02A323DEA0C700D6F8E2 /* game loop.cpp in Sources */,
				45BB02D123E16DB300D6F8E2 /* path finding.cpp in Sources */,
				45BB02B023DEB7C200D6F8E2 /* action.cpp in Sources */,
				4508C81D23DBEFFE0029A03B /* world generation.cpp in Sources */,
				4508C82C23DD2C7F0029A03B /* texture loading.cpp in Sources */,
				45BB02B723DFF49900D6F8E2 /* open door action.cpp in Sources */,
				45BB02B323DEBB1700D6F8E2 /* move action.cpp in Sources */,
				45BB02D823E25DBA00D6F8E2 /* world spawning.cpp in Sources */,
				45BB02C423E0170900D6F8E2 /* player.cpp in Sources */,
				45BB02C023E015BF00D6F8E2 /* player behaviour.cpp in Sources */,
				4508C82923DD26770029A03B /* world rendering.cpp in Sources */,
				45BB02BC23E0125B00D6F8E2 /* behaviour.cpp in Sources */,
				45BA0FFE23DD5FF300DB4CBB /* input handling.cpp in Sources */,
				45B9F6E323DD386000CA9021 /* sdl delete.cpp in Sources */,
				45BB02C823E1486000D6F8E2 /* lamp.cpp in Sources */,
				45BB02CB23E16A0100D6F8E2 /* chase behaviour.cpp in Sources */,
				45B7447223E532670040DF89 /* attack action.cpp in Sources */,
				4508C82123DC0A380029A03B /* field of view.cpp in Sources */,
				45BB02D423E1868500D6F8E2 /* ghost.cpp in Sources */,
				4508C82F23DD2CE30029A03B /* stb_image.c in Sources */,
			);
			runOnlyForDeploymentPostprocessing = 0;
		};
/* End PBXSourcesBuildPhase section */

/* Begin XCBuildConfiguration section */
		4508C80123DA88980029A03B /* Debug */ = {
			isa = XCBuildConfiguration;
			buildSettings = {
				ALWAYS_SEARCH_USER_PATHS = NO;
				CLANG_ANALYZER_NONNULL = YES;
				CLANG_ANALYZER_NUMBER_OBJECT_CONVERSION = YES_AGGRESSIVE;
				CLANG_CXX_LANGUAGE_STANDARD = "gnu++14";
				CLANG_CXX_LIBRARY = "libc++";
				CLANG_ENABLE_MODULES = YES;
				CLANG_ENABLE_OBJC_ARC = YES;
				CLANG_ENABLE_OBJC_WEAK = YES;
				CLANG_WARN_BLOCK_CAPTURE_AUTORELEASING = YES;
				CLANG_WARN_BOOL_CONVERSION = YES;
				CLANG_WARN_COMMA = YES;
				CLANG_WARN_CONSTANT_CONVERSION = YES;
				CLANG_WARN_DEPRECATED_OBJC_IMPLEMENTATIONS = YES;
				CLANG_WARN_DIRECT_OBJC_ISA_USAGE = YES_ERROR;
				CLANG_WARN_DOCUMENTATION_COMMENTS = YES;
				CLANG_WARN_EMPTY_BODY = YES;
				CLANG_WARN_ENUM_CONVERSION = YES;
				CLANG_WARN_INFINITE_RECURSION = YES;
				CLANG_WARN_INT_CONVERSION = YES;
				CLANG_WARN_NON_LITERAL_NULL_CONVERSION = YES;
				CLANG_WARN_OBJC_IMPLICIT_RETAIN_SELF = YES;
				CLANG_WARN_OBJC_LITERAL_CONVERSION = YES;
				CLANG_WARN_OBJC_ROOT_CLASS = YES_ERROR;
				CLANG_WARN_RANGE_LOOP_ANALYSIS = YES;
				CLANG_WARN_STRICT_PROTOTYPES = YES;
				CLANG_WARN_SUSPICIOUS_MOVE = YES;
				CLANG_WARN_UNGUARDED_AVAILABILITY = YES_AGGRESSIVE;
				CLANG_WARN_UNREACHABLE_CODE = YES;
				CLANG_WARN__DUPLICATE_METHOD_MATCH = YES;
				COPY_PHASE_STRIP = NO;
				DEBUG_INFORMATION_FORMAT = dwarf;
				ENABLE_STRICT_OBJC_MSGSEND = YES;
				ENABLE_TESTABILITY = YES;
				GCC_C_LANGUAGE_STANDARD = gnu11;
				GCC_DYNAMIC_NO_PIC = NO;
				GCC_NO_COMMON_BLOCKS = YES;
				GCC_OPTIMIZATION_LEVEL = 0;
				GCC_PREPROCESSOR_DEFINITIONS = (
					"DEBUG=1",
					"$(inherited)",
				);
				GCC_WARN_64_TO_32_BIT_CONVERSION = YES;
				GCC_WARN_ABOUT_RETURN_TYPE = YES_ERROR;
				GCC_WARN_UNDECLARED_SELECTOR = YES;
				GCC_WARN_UNINITIALIZED_AUTOS = YES_AGGRESSIVE;
				GCC_WARN_UNUSED_FUNCTION = YES;
				GCC_WARN_UNUSED_VARIABLE = YES;
				MACOSX_DEPLOYMENT_TARGET = 10.15;
				MTL_ENABLE_DEBUG_INFO = INCLUDE_SOURCE;
				MTL_FAST_MATH = YES;
				ONLY_ACTIVE_ARCH = YES;
				SDKROOT = macosx;
				SWIFT_ACTIVE_COMPILATION_CONDITIONS = DEBUG;
				SWIFT_OPTIMIZATION_LEVEL = "-Onone";
			};
			name = Debug;
		};
		4508C80223DA88980029A03B /* Release */ = {
			isa = XCBuildConfiguration;
			buildSettings = {
				ALWAYS_SEARCH_USER_PATHS = NO;
				CLANG_ANALYZER_NONNULL = YES;
				CLANG_ANALYZER_NUMBER_OBJECT_CONVERSION = YES_AGGRESSIVE;
				CLANG_CXX_LANGUAGE_STANDARD = "gnu++14";
				CLANG_CXX_LIBRARY = "libc++";
				CLANG_ENABLE_MODULES = YES;
				CLANG_ENABLE_OBJC_ARC = YES;
				CLANG_ENABLE_OBJC_WEAK = YES;
				CLANG_WARN_BLOCK_CAPTURE_AUTORELEASING = YES;
				CLANG_WARN_BOOL_CONVERSION = YES;
				CLANG_WARN_COMMA = YES;
				CLANG_WARN_CONSTANT_CONVERSION = YES;
				CLANG_WARN_DEPRECATED_OBJC_IMPLEMENTATIONS = YES;
				CLANG_WARN_DIRECT_OBJC_ISA_USAGE = YES_ERROR;
				CLANG_WARN_DOCUMENTATION_COMMENTS = YES;
				CLANG_WARN_EMPTY_BODY = YES;
				CLANG_WARN_ENUM_CONVERSION = YES;
				CLANG_WARN_INFINITE_RECURSION = YES;
				CLANG_WARN_INT_CONVERSION = YES;
				CLANG_WARN_NON_LITERAL_NULL_CONVERSION = YES;
				CLANG_WARN_OBJC_IMPLICIT_RETAIN_SELF = YES;
				CLANG_WARN_OBJC_LITERAL_CONVERSION = YES;
				CLANG_WARN_OBJC_ROOT_CLASS = YES_ERROR;
				CLANG_WARN_RANGE_LOOP_ANALYSIS = YES;
				CLANG_WARN_STRICT_PROTOTYPES = YES;
				CLANG_WARN_SUSPICIOUS_MOVE = YES;
				CLANG_WARN_UNGUARDED_AVAILABILITY = YES_AGGRESSIVE;
				CLANG_WARN_UNREACHABLE_CODE = YES;
				CLANG_WARN__DUPLICATE_METHOD_MATCH = YES;
				COPY_PHASE_STRIP = NO;
				DEBUG_INFORMATION_FORMAT = "dwarf-with-dsym";
				ENABLE_NS_ASSERTIONS = NO;
				ENABLE_STRICT_OBJC_MSGSEND = YES;
				GCC_C_LANGUAGE_STANDARD = gnu11;
				GCC_NO_COMMON_BLOCKS = YES;
				GCC_WARN_64_TO_32_BIT_CONVERSION = YES;
				GCC_WARN_ABOUT_RETURN_TYPE = YES_ERROR;
				GCC_WARN_UNDECLARED_SELECTOR = YES;
				GCC_WARN_UNINITIALIZED_AUTOS = YES_AGGRESSIVE;
				GCC_WARN_UNUSED_FUNCTION = YES;
				GCC_WARN_UNUSED_VARIABLE = YES;
				MACOSX_DEPLOYMENT_TARGET = 10.15;
				MTL_ENABLE_DEBUG_INFO = NO;
				MTL_FAST_MATH = YES;
				SDKROOT = macosx;
				SWIFT_COMPILATION_MODE = wholemodule;
				SWIFT_OPTIMIZATION_LEVEL = "-O";
			};
			name = Release;
		};
		4508C80423DA88980029A03B /* Debug */ = {
			isa = XCBuildConfiguration;
			buildSettings = {
				ASSETCATALOG_COMPILER_APPICON_NAME = AppIcon;
				CLANG_CXX_LANGUAGE_STANDARD = "c++2a";
				CODE_SIGN_ENTITLEMENTS = "Silver Lobster/Silver_Lobster.entitlements";
				CODE_SIGN_STYLE = Automatic;
				COMBINE_HIDPI_IMAGES = YES;
				DEVELOPMENT_ASSET_PATHS = "";
				DEVELOPMENT_TEAM = QY44MADGVC;
				ENABLE_HARDENED_RUNTIME = YES;
				ENABLE_PREVIEWS = YES;
				FRAMEWORK_SEARCH_PATHS = "$(LOCAL_LIBRARY_DIR)/Frameworks";
				GCC_PREPROCESSOR_DEFINITIONS = STBI_ONLY_PNG;
				HEADER_SEARCH_PATHS = "$(PROJECT_DIR)/include";
				INFOPLIST_FILE = "Silver Lobster/Info.plist";
				LD_RUNPATH_SEARCH_PATHS = (
					"$(inherited)",
					"@executable_path/../Frameworks",
				);
				LIBRARY_SEARCH_PATHS = "";
				MACOSX_DEPLOYMENT_TARGET = 10.15;
				OTHER_CPLUSPLUSFLAGS = (
					"$(OTHER_CFLAGS)",
					"-Wall",
					"-Wextra",
					"-Weffc++",
					"-Wpedantic",
					"-Wshadow",
					"-Wno-documentation",
					"-Wnull-dereference",
					"-Woverloaded-virtual",
					"-Wreturn-type",
					"-Wnonportable-include-path",
					"-Wstrict-aliasing",
					"-Wno-comma",
				);
				PRODUCT_BUNDLE_IDENTIFIER = "Indi-Kernick.Silver-Lobster";
				PRODUCT_NAME = "$(TARGET_NAME)";
				SWIFT_VERSION = 5.0;
			};
			name = Debug;
		};
		4508C80523DA88980029A03B /* Release */ = {
			isa = XCBuildConfiguration;
			buildSettings = {
				ASSETCATALOG_COMPILER_APPICON_NAME = AppIcon;
				CLANG_CXX_LANGUAGE_STANDARD = "c++2a";
				CODE_SIGN_ENTITLEMENTS = "Silver Lobster/Silver_Lobster.entitlements";
				CODE_SIGN_STYLE = Automatic;
				COMBINE_HIDPI_IMAGES = YES;
				DEVELOPMENT_ASSET_PATHS = "";
				DEVELOPMENT_TEAM = QY44MADGVC;
				ENABLE_HARDENED_RUNTIME = YES;
				ENABLE_PREVIEWS = YES;
				FRAMEWORK_SEARCH_PATHS = "$(LOCAL_LIBRARY_DIR)/Frameworks";
				GCC_PREPROCESSOR_DEFINITIONS = (
					NDEBUG,
					STBI_ONLY_PNG,
					ENABLE_SCOPE_TIME,
				);
				HEADER_SEARCH_PATHS = "$(PROJECT_DIR)/include";
				INFOPLIST_FILE = "Silver Lobster/Info.plist";
				LD_RUNPATH_SEARCH_PATHS = (
					"$(inherited)",
					"@executable_path/../Frameworks",
				);
				LIBRARY_SEARCH_PATHS = "";
				MACOSX_DEPLOYMENT_TARGET = 10.15;
				OTHER_CPLUSPLUSFLAGS = (
					"$(OTHER_CFLAGS)",
					"-Wall",
					"-Wextra",
					"-Weffc++",
					"-Wpedantic",
					"-Wshadow",
					"-Wno-documentation",
					"-Wnull-dereference",
					"-Woverloaded-virtual",
					"-Wreturn-type",
					"-Wnonportable-include-path",
					"-Wstrict-aliasing",
					"-Wno-comma",
				);
				PRODUCT_BUNDLE_IDENTIFIER = "Indi-Kernick.Silver-Lobster";
				PRODUCT_NAME = "$(TARGET_NAME)";
				SWIFT_VERSION = 5.0;
			};
			name = Release;
		};
/* End XCBuildConfiguration section */

/* Begin XCConfigurationList section */
		4508C7EB23DA888C0029A03B /* Build configuration list for PBXProject "Silver Lobster" */ = {
			isa = XCConfigurationList;
			buildConfigurations = (
				4508C80123DA88980029A03B /* Debug */,
				4508C80223DA88980029A03B /* Release */,
			);
			defaultConfigurationIsVisible = 0;
			defaultConfigurationName = Release;
		};
		4508C80323DA88980029A03B /* Build configuration list for PBXNativeTarget "Silver Lobster" */ = {
			isa = XCConfigurationList;
			buildConfigurations = (
				4508C80423DA88980029A03B /* Debug */,
				4508C80523DA88980029A03B /* Release */,
			);
			defaultConfigurationIsVisible = 0;
			defaultConfigurationName = Release;
		};
/* End XCConfigurationList section */
	};
	rootObject = 4508C7E823DA888C0029A03B /* Project object */;
}
